
Microsoft Visual Studio Solution File, Format Version 12.00
Project("{FAE04EC0-301F-11D3-BF4B-00C04F79EFBC}") = "ConsoleApp", "ConsoleApp\ConsoleApp.csproj", "{99318E42-97AF-42BC-9A14-CD73310E0DC6}"
EndProject
Global
	GlobalSection(SolutionConfigurationPlatforms) = preSolution
		Debug|Any CPU = Debug|Any CPU
		Release|Any CPU = Release|Any CPU
	EndGlobalSection
	GlobalSection(ProjectConfigurationPlatforms) = postSolution
		{99318E42-97AF-42BC-9A14-CD73310E0DC6}.Debug|Any CPU.ActiveCfg = Debug|Any CPU
		{99318E42-97AF-42BC-9A14-CD73310E0DC6}.Debug|Any CPU.Build.0 = Debug|Any CPU
		{99318E42-97AF-42BC-9A14-CD73310E0DC6}.Release|Any CPU.ActiveCfg = Release|Any CPU
		{99318E42-97AF-42BC-9A14-CD73310E0DC6}.Release|Any CPU.Build.0 = Release|Any CPU
	EndGlobalSection
EndGlobal
